
Microsoft Visual Studio Solution File, Format Version 12.00
# Visual Studio 14
VisualStudioVersion = 14.0.24720.0
MinimumVisualStudioVersion = 10.0.40219.1
Project("{2150E333-8FDC-42A3-9474-1A3956D46DE8}") = "src", "src", "{F4C7FA72-6E58-47DA-B3D0-BAB751A6D5A0}"
EndProject
Project("{2150E333-8FDC-42A3-9474-1A3956D46DE8}") = "Solution Items", "Solution Items", "{2AC82748-221F-43E4-BE68-0BE21DF959F6}"
	ProjectSection(SolutionItems) = preProject
		global.json = global.json
	EndProjectSection
EndProject
Project("{8BB2217D-0F2D-49D1-97BC-3654ED321F3B}") = "FutureValue", "src\FutureValue\FutureValue.xproj", "{A1B7806D-E68A-49BD-9411-4CE61DE5D043}"
EndProject
Project("{2150E333-8FDC-42A3-9474-1A3956D46DE8}") = "PublishScripts", "PublishScripts", "{771224B2-EF54-4299-84BE-960943E8B22F}"
EndProject
Project("{2150E333-8FDC-42A3-9474-1A3956D46DE8}") = "Scripts", "Scripts", "{1C81C01A-DFDC-40F5-87B4-9DC18178D81C}"
	ProjectSection(SolutionItems) = preProject
		PublishScripts\Scripts\Deploy-AzureResourceGroup.ps1 = PublishScripts\Scripts\Deploy-AzureResourceGroup.ps1
	EndProjectSection
EndProject
Project("{2150E333-8FDC-42A3-9474-1A3956D46DE8}") = "Templates", "Templates", "{E4083175-400B-4B0E-9FF3-6681DA89B5AF}"
	ProjectSection(SolutionItems) = preProject
		PublishScripts\Templates\FutureValue.json = PublishScripts\Templates\FutureValue.json
		PublishScripts\Templates\FutureValue.param.dev.json = PublishScripts\Templates\FutureValue.param.dev.json
	EndProjectSection
EndProject
Global
	GlobalSection(SolutionConfigurationPlatforms) = preSolution
		Debug|Any CPU = Debug|Any CPU
		Release|Any CPU = Release|Any CPU
	EndGlobalSection
	GlobalSection(ProjectConfigurationPlatforms) = postSolution
		{A1B7806D-E68A-49BD-9411-4CE61DE5D043}.Debug|Any CPU.ActiveCfg = Debug|Any CPU
		{A1B7806D-E68A-49BD-9411-4CE61DE5D043}.Debug|Any CPU.Build.0 = Debug|Any CPU
		{A1B7806D-E68A-49BD-9411-4CE61DE5D043}.Release|Any CPU.ActiveCfg = Release|Any CPU
		{A1B7806D-E68A-49BD-9411-4CE61DE5D043}.Release|Any CPU.Build.0 = Release|Any CPU
	EndGlobalSection
	GlobalSection(SolutionProperties) = preSolution
		HideSolutionNode = FALSE
	EndGlobalSection
	GlobalSection(NestedProjects) = preSolution
		{A1B7806D-E68A-49BD-9411-4CE61DE5D043} = {F4C7FA72-6E58-47DA-B3D0-BAB751A6D5A0}
		{1C81C01A-DFDC-40F5-87B4-9DC18178D81C} = {771224B2-EF54-4299-84BE-960943E8B22F}
		{E4083175-400B-4B0E-9FF3-6681DA89B5AF} = {771224B2-EF54-4299-84BE-960943E8B22F}
	EndGlobalSection
EndGlobal
